
Microsoft Visual Studio Solution File, Format Version 12.00
# Visual Studio Version 17
VisualStudioVersion = 17.7.34003.232
MinimumVisualStudioVersion = 10.0.40219.1
Project("{FAE04EC0-301F-11D3-BF4B-00C04F79EFBC}") = "Blog.Web", "Blog.Web\Blog.Web.csproj", "{A06BDCCF-9C5B-4264-8CD2-9E706D119285}"
EndProject
Project("{FAE04EC0-301F-11D3-BF4B-00C04F79EFBC}") = "Blog.Entity", "Blog.Entity\Blog.Entity.csproj", "{04972F53-D400-4856-9D93-8D28944587F2}"
EndProject
Project("{FAE04EC0-301F-11D3-BF4B-00C04F79EFBC}") = "Blog.Data", "Blog.Data\Blog.Data.csproj", "{7DF74936-C3A4-4CCF-A927-5FB40F93281C}"
EndProject
Project("{FAE04EC0-301F-11D3-BF4B-00C04F79EFBC}") = "Blog.Services", "Blog.Services\Blog.Services.csproj", "{EEC09152-7A10-43B0-8361-4FADF81A62A3}"
EndProject
Project("{FAE04EC0-301F-11D3-BF4B-00C04F79EFBC}") = "Blog.Core", "Blog.Core\Blog.Core.csproj", "{179943B8-2548-4DA9-B854-3718D70E6900}"
EndProject
Global
	GlobalSection(SolutionConfigurationPlatforms) = preSolution
		Debug|Any CPU = Debug|Any CPU
		Release|Any CPU = Release|Any CPU
	EndGlobalSection
	GlobalSection(ProjectConfigurationPlatforms) = postSolution
		{A06BDCCF-9C5B-4264-8CD2-9E706D119285}.Debug|Any CPU.ActiveCfg = Debug|Any CPU
		{A06BDCCF-9C5B-4264-8CD2-9E706D119285}.Debug|Any CPU.Build.0 = Debug|Any CPU
		{A06BDCCF-9C5B-4264-8CD2-9E706D119285}.Release|Any CPU.ActiveCfg = Release|Any CPU
		{A06BDCCF-9C5B-4264-8CD2-9E706D119285}.Release|Any CPU.Build.0 = Release|Any CPU
		{04972F53-D400-4856-9D93-8D28944587F2}.Debug|Any CPU.ActiveCfg = Debug|Any CPU
		{04972F53-D400-4856-9D93-8D28944587F2}.Debug|Any CPU.Build.0 = Debug|Any CPU
		{04972F53-D400-4856-9D93-8D28944587F2}.Release|Any CPU.ActiveCfg = Release|Any CPU
		{04972F53-D400-4856-9D93-8D28944587F2}.Release|Any CPU.Build.0 = Release|Any CPU
		{7DF74936-C3A4-4CCF-A927-5FB40F93281C}.Debug|Any CPU.ActiveCfg = Debug|Any CPU
		{7DF74936-C3A4-4CCF-A927-5FB40F93281C}.Debug|Any CPU.Build.0 = Debug|Any CPU
		{7DF74936-C3A4-4CCF-A927-5FB40F93281C}.Release|Any CPU.ActiveCfg = Release|Any CPU
		{7DF74936-C3A4-4CCF-A927-5FB40F93281C}.Release|Any CPU.Build.0 = Release|Any CPU
		{EEC09152-7A10-43B0-8361-4FADF81A62A3}.Debug|Any CPU.ActiveCfg = Debug|Any CPU
		{EEC09152-7A10-43B0-8361-4FADF81A62A3}.Debug|Any CPU.Build.0 = Debug|Any CPU
		{EEC09152-7A10-43B0-8361-4FADF81A62A3}.Release|Any CPU.ActiveCfg = Release|Any CPU
		{EEC09152-7A10-43B0-8361-4FADF81A62A3}.Release|Any CPU.Build.0 = Release|Any CPU
		{179943B8-2548-4DA9-B854-3718D70E6900}.Debug|Any CPU.ActiveCfg = Debug|Any CPU
		{179943B8-2548-4DA9-B854-3718D70E6900}.Debug|Any CPU.Build.0 = Debug|Any CPU
		{179943B8-2548-4DA9-B854-3718D70E6900}.Release|Any CPU.ActiveCfg = Release|Any CPU
		{179943B8-2548-4DA9-B854-3718D70E6900}.Release|Any CPU.Build.0 = Release|Any CPU
	EndGlobalSection
	GlobalSection(SolutionProperties) = preSolution
		HideSolutionNode = FALSE
	EndGlobalSection
	GlobalSection(ExtensibilityGlobals) = postSolution
		SolutionGuid = {BEF967E3-D48C-4043-B5F5-83930E87304A}
	EndGlobalSection
EndGlobal
